
Microsoft Visual Studio Solution File, Format Version 12.00
# Visual Studio Version 17
VisualStudioVersion = 17.11.35208.52
MinimumVisualStudioVersion = 10.0.40219.1
Project("{8BC9CEB8-8B4A-11D0-8D11-00A0C91BC942}") = "Project2", "Project2\Project2.vcxproj", "{2FD20923-0EC2-4DF1-A86B-E5E0C2BA48E2}"
EndProject
Project("{8BC9CEB8-8B4A-11D0-8D11-00A0C91BC942}") = "Project3", "Project3\Project3.vcxproj", "{8C4046AD-BDDF-42D2-A7AE-CEC85AAE98CE}"
EndProject
Project("{8BC9CEB8-8B4A-11D0-8D11-00A0C91BC942}") = "Project4", "Project4\Project4.vcxproj", "{90BACE0C-E662-49A1-B4FE-2D822F8F781D}"
EndProject
Project("{8BC9CEB8-8B4A-11D0-8D11-00A0C91BC942}") = "Project5", "Project5\Project5.vcxproj", "{EA74F906-9978-4818-9C78-59CA359CE34D}"
EndProject
Global
	GlobalSection(SolutionConfigurationPlatforms) = preSolution
		Debug|x64 = Debug|x64
		Debug|x86 = Debug|x86
		Release|x64 = Release|x64
		Release|x86 = Release|x86
	EndGlobalSection
	GlobalSection(ProjectConfigurationPlatforms) = postSolution
		{2FD20923-0EC2-4DF1-A86B-E5E0C2BA48E2}.Debug|x64.ActiveCfg = Debug|x64
		{2FD20923-0EC2-4DF1-A86B-E5E0C2BA48E2}.Debug|x64.Build.0 = Debug|x64
		{2FD20923-0EC2-4DF1-A86B-E5E0C2BA48E2}.Debug|x86.ActiveCfg = Debug|Win32
		{2FD20923-0EC2-4DF1-A86B-E5E0C2BA48E2}.Debug|x86.Build.0 = Debug|Win32
		{2FD20923-0EC2-4DF1-A86B-E5E0C2BA48E2}.Release|x64.ActiveCfg = Release|x64
		{2FD20923-0EC2-4DF1-A86B-E5E0C2BA48E2}.Release|x64.Build.0 = Release|x64
		{2FD20923-0EC2-4DF1-A86B-E5E0C2BA48E2}.Release|x86.ActiveCfg = Release|Win32
		{2FD20923-0EC2-4DF1-A86B-E5E0C2BA48E2}.Release|x86.Build.0 = Release|Win32
		{8C4046AD-BDDF-42D2-A7AE-CEC85AAE98CE}.Debug|x64.ActiveCfg = Debug|x64
		{8C4046AD-BDDF-42D2-A7AE-CEC85AAE98CE}.Debug|x64.Build.0 = Debug|x64
		{8C4046AD-BDDF-42D2-A7AE-CEC85AAE98CE}.Debug|x86.ActiveCfg = Debug|Win32
		{8C4046AD-BDDF-42D2-A7AE-CEC85AAE98CE}.Debug|x86.Build.0 = Debug|Win32
		{8C4046AD-BDDF-42D2-A7AE-CEC85AAE98CE}.Release|x64.ActiveCfg = Release|x64
		{8C4046AD-BDDF-42D2-A7AE-CEC85AAE98CE}.Release|x64.Build.0 = Release|x64
		{8C4046AD-BDDF-42D2-A7AE-CEC85AAE98CE}.Release|x86.ActiveCfg = Release|Win32
		{8C4046AD-BDDF-42D2-A7AE-CEC85AAE98CE}.Release|x86.Build.0 = Release|Win32
		{90BACE0C-E662-49A1-B4FE-2D822F8F781D}.Debug|x64.ActiveCfg = Debug|x64
		{90BACE0C-E662-49A1-B4FE-2D822F8F781D}.Debug|x64.Build.0 = Debug|x64
		{90BACE0C-E662-49A1-B4FE-2D822F8F781D}.Debug|x86.ActiveCfg = Debug|Win32
		{90BACE0C-E662-49A1-B4FE-2D822F8F781D}.Debug|x86.Build.0 = Debug|Win32
		{90BACE0C-E662-49A1-B4FE-2D822F8F781D}.Release|x64.ActiveCfg = Release|x64
		{90BACE0C-E662-49A1-B4FE-2D822F8F781D}.Release|x64.Build.0 = Release|x64
		{90BACE0C-E662-49A1-B4FE-2D822F8F781D}.Release|x86.ActiveCfg = Release|Win32
		{90BACE0C-E662-49A1-B4FE-2D822F8F781D}.Release|x86.Build.0 = Release|Win32
		{EA74F906-9978-4818-9C78-59CA359CE34D}.Debug|x64.ActiveCfg = Debug|x64
		{EA74F906-9978-4818-9C78-59CA359CE34D}.Debug|x64.Build.0 = Debug|x64
		{EA74F906-9978-4818-9C78-59CA359CE34D}.Debug|x86.ActiveCfg = Debug|Win32
		{EA74F906-9978-4818-9C78-59CA359CE34D}.Debug|x86.Build.0 = Debug|Win32
		{EA74F906-9978-4818-9C78-59CA359CE34D}.Release|x64.ActiveCfg = Release|x64
		{EA74F906-9978-4818-9C78-59CA359CE34D}.Release|x64.Build.0 = Release|x64
		{EA74F906-9978-4818-9C78-59CA359CE34D}.Release|x86.ActiveCfg = Release|Win32
		{EA74F906-9978-4818-9C78-59CA359CE34D}.Release|x86.Build.0 = Release|Win32
	EndGlobalSection
	GlobalSection(SolutionProperties) = preSolution
		HideSolutionNode = FALSE
	EndGlobalSection
	GlobalSection(ExtensibilityGlobals) = postSolution
		SolutionGuid = {60FD15FF-59DE-4303-B784-7176C83ABECE}
	EndGlobalSection
EndGlobal
